
Microsoft Visual Studio Solution File, Format Version 12.00
# Visual Studio Version 17
VisualStudioVersion = 17.4.33213.308
MinimumVisualStudioVersion = 10.0.40219.1
Project("{FAE04EC0-301F-11D3-BF4B-00C04F79EFBC}") = "ToDoWPF", "ToDoWPF\ToDoWPF.csproj", "{1C1B1384-3437-4CD5-87D7-DD4E50907438}"
EndProject
Global
	GlobalSection(SolutionConfigurationPlatforms) = preSolution
		Debug|Any CPU = Debug|Any CPU
		Release|Any CPU = Release|Any CPU
	EndGlobalSection
	GlobalSection(ProjectConfigurationPlatforms) = postSolution
		{1C1B1384-3437-4CD5-87D7-DD4E50907438}.Debug|Any CPU.ActiveCfg = Debug|Any CPU
		{1C1B1384-3437-4CD5-87D7-DD4E50907438}.Debug|Any CPU.Build.0 = Debug|Any CPU
		{1C1B1384-3437-4CD5-87D7-DD4E50907438}.Release|Any CPU.ActiveCfg = Release|Any CPU
		{1C1B1384-3437-4CD5-87D7-DD4E50907438}.Release|Any CPU.Build.0 = Release|Any CPU
	EndGlobalSection
	GlobalSection(SolutionProperties) = preSolution
		HideSolutionNode = FALSE
	EndGlobalSection
	GlobalSection(ExtensibilityGlobals) = postSolution
		SolutionGuid = {2513A611-DB6E-430D-8A00-6AAAAC7D2BE2}
	EndGlobalSection
EndGlobal
